
Microsoft Visual Studio Solution File, Format Version 12.00
# Visual Studio Version 16
VisualStudioVersion = 16.0.29911.84
MinimumVisualStudioVersion = 10.0.40219.1
Project("{FAE04EC0-301F-11D3-BF4B-00C04F79EFBC}") = "Operatori", "Operatori.csproj", "{9F8FB6F3-96DF-4267-B3F7-9C4CCAB1F04F}"
EndProject
Global
	GlobalSection(SolutionConfigurationPlatforms) = preSolution
		Debug|Any CPU = Debug|Any CPU
		Release|Any CPU = Release|Any CPU
	EndGlobalSection
	GlobalSection(ProjectConfigurationPlatforms) = postSolution
		{9F8FB6F3-96DF-4267-B3F7-9C4CCAB1F04F}.Debug|Any CPU.ActiveCfg = Debug|Any CPU
		{9F8FB6F3-96DF-4267-B3F7-9C4CCAB1F04F}.Debug|Any CPU.Build.0 = Debug|Any CPU
		{9F8FB6F3-96DF-4267-B3F7-9C4CCAB1F04F}.Release|Any CPU.ActiveCfg = Release|Any CPU
		{9F8FB6F3-96DF-4267-B3F7-9C4CCAB1F04F}.Release|Any CPU.Build.0 = Release|Any CPU
	EndGlobalSection
	GlobalSection(SolutionProperties) = preSolution
		HideSolutionNode = FALSE
	EndGlobalSection
	GlobalSection(ExtensibilityGlobals) = postSolution
		SolutionGuid = {420AB03B-633E-4267-92CC-80DD52403D46}
	EndGlobalSection
EndGlobal
